
Microsoft Visual Studio Solution File, Format Version 12.00
# Visual Studio 15
VisualStudioVersion = 15.0.34526.175
MinimumVisualStudioVersion = 10.0.40219.1
Project("{FAE04EC0-301F-11D3-BF4B-00C04F79EFBC}") = "StudentWebService", "StudentWebService\StudentWebService.csproj", "{7C600830-A21F-4DBB-8AD5-BE8CDE44FFB3}"
EndProject
Global
	GlobalSection(SolutionConfigurationPlatforms) = preSolution
		Debug|Any CPU = Debug|Any CPU
		Release|Any CPU = Release|Any CPU
	EndGlobalSection
	GlobalSection(ProjectConfigurationPlatforms) = postSolution
		{7C600830-A21F-4DBB-8AD5-BE8CDE44FFB3}.Debug|Any CPU.ActiveCfg = Debug|Any CPU
		{7C600830-A21F-4DBB-8AD5-BE8CDE44FFB3}.Debug|Any CPU.Build.0 = Debug|Any CPU
		{7C600830-A21F-4DBB-8AD5-BE8CDE44FFB3}.Release|Any CPU.ActiveCfg = Release|Any CPU
		{7C600830-A21F-4DBB-8AD5-BE8CDE44FFB3}.Release|Any CPU.Build.0 = Release|Any CPU
	EndGlobalSection
	GlobalSection(SolutionProperties) = preSolution
		HideSolutionNode = FALSE
	EndGlobalSection
	GlobalSection(ExtensibilityGlobals) = postSolution
		SolutionGuid = {62AAA4EE-A19D-44B9-ABAF-02808C87BF4A}
	EndGlobalSection
EndGlobal
